
Microsoft Visual Studio Solution File, Format Version 12.00
# Visual Studio Version 17
VisualStudioVersion = 17.9.34728.123
MinimumVisualStudioVersion = 10.0.40219.1
Project("{FAE04EC0-301F-11D3-BF4B-00C04F79EFBC}") = "LDB", "LDB.csproj", "{37811F13-2CC2-4999-8CD7-E20355952A20}"
EndProject
Global
	GlobalSection(SolutionConfigurationPlatforms) = preSolution
		Debug|Any CPU = Debug|Any CPU
		Release|Any CPU = Release|Any CPU
	EndGlobalSection
	GlobalSection(ProjectConfigurationPlatforms) = postSolution
		{37811F13-2CC2-4999-8CD7-E20355952A20}.Debug|Any CPU.ActiveCfg = Debug|Any CPU
		{37811F13-2CC2-4999-8CD7-E20355952A20}.Debug|Any CPU.Build.0 = Debug|Any CPU
		{37811F13-2CC2-4999-8CD7-E20355952A20}.Release|Any CPU.ActiveCfg = Release|Any CPU
		{37811F13-2CC2-4999-8CD7-E20355952A20}.Release|Any CPU.Build.0 = Release|Any CPU
	EndGlobalSection
	GlobalSection(SolutionProperties) = preSolution
		HideSolutionNode = FALSE
	EndGlobalSection
	GlobalSection(ExtensibilityGlobals) = postSolution
		SolutionGuid = {E06445CF-B822-4367-8066-982694ADE385}
	EndGlobalSection
EndGlobal
